
Microsoft Visual Studio Solution File, Format Version 12.00
# Visual Studio Version 16
VisualStudioVersion = 16.0.31112.23
MinimumVisualStudioVersion = 10.0.40219.1
Project("{FAE04EC0-301F-11D3-BF4B-00C04F79EFBC}") = "AgendaTarefas", "AgendaTarefas\AgendaTarefas.csproj", "{0B63D84B-75F2-4D0B-8FEC-C35DE5D51D6C}"
EndProject
Global
	GlobalSection(SolutionConfigurationPlatforms) = preSolution
		Debug|Any CPU = Debug|Any CPU
		Release|Any CPU = Release|Any CPU
	EndGlobalSection
	GlobalSection(ProjectConfigurationPlatforms) = postSolution
		{0B63D84B-75F2-4D0B-8FEC-C35DE5D51D6C}.Debug|Any CPU.ActiveCfg = Debug|Any CPU
		{0B63D84B-75F2-4D0B-8FEC-C35DE5D51D6C}.Debug|Any CPU.Build.0 = Debug|Any CPU
		{0B63D84B-75F2-4D0B-8FEC-C35DE5D51D6C}.Release|Any CPU.ActiveCfg = Release|Any CPU
		{0B63D84B-75F2-4D0B-8FEC-C35DE5D51D6C}.Release|Any CPU.Build.0 = Release|Any CPU
	EndGlobalSection
	GlobalSection(SolutionProperties) = preSolution
		HideSolutionNode = FALSE
	EndGlobalSection
	GlobalSection(ExtensibilityGlobals) = postSolution
		SolutionGuid = {53294781-6598-4B54-A415-01C6080060D6}
	EndGlobalSection
EndGlobal
